
Microsoft Visual Studio Solution File, Format Version 12.00
# Visual Studio Version 17
VisualStudioVersion = 17.12.35707.178
MinimumVisualStudioVersion = 10.0.40219.1
Project("{FAE04EC0-301F-11D3-BF4B-00C04F79EFBC}") = "CapaPresentacion", "CapaPresentacion\CapaPresentacion.csproj", "{E8F81A33-38A7-4CA4-AD28-1790AA3C49BB}"
EndProject
Project("{FAE04EC0-301F-11D3-BF4B-00C04F79EFBC}") = "CapaEntidad", "CapaEntidad\CapaEntidad.csproj", "{29AB826A-28A5-477C-92DC-1E97F7401E7D}"
EndProject
Project("{FAE04EC0-301F-11D3-BF4B-00C04F79EFBC}") = "CapaNegocio", "CapaNegocio\CapaNegocio.csproj", "{915DEA78-EFDB-4632-82FE-E2DF6648DAC0}"
EndProject
Project("{FAE04EC0-301F-11D3-BF4B-00C04F79EFBC}") = "CapaDatos", "CapaDatos\CapaDatos.csproj", "{7CBB7AD8-B34D-429E-9136-AD2BC579A48C}"
EndProject
Global
	GlobalSection(SolutionConfigurationPlatforms) = preSolution
		Debug|Any CPU = Debug|Any CPU
		Release|Any CPU = Release|Any CPU
	EndGlobalSection
	GlobalSection(ProjectConfigurationPlatforms) = postSolution
		{E8F81A33-38A7-4CA4-AD28-1790AA3C49BB}.Debug|Any CPU.ActiveCfg = Debug|Any CPU
		{E8F81A33-38A7-4CA4-AD28-1790AA3C49BB}.Debug|Any CPU.Build.0 = Debug|Any CPU
		{E8F81A33-38A7-4CA4-AD28-1790AA3C49BB}.Release|Any CPU.ActiveCfg = Release|Any CPU
		{E8F81A33-38A7-4CA4-AD28-1790AA3C49BB}.Release|Any CPU.Build.0 = Release|Any CPU
		{29AB826A-28A5-477C-92DC-1E97F7401E7D}.Debug|Any CPU.ActiveCfg = Debug|Any CPU
		{29AB826A-28A5-477C-92DC-1E97F7401E7D}.Debug|Any CPU.Build.0 = Debug|Any CPU
		{29AB826A-28A5-477C-92DC-1E97F7401E7D}.Release|Any CPU.ActiveCfg = Release|Any CPU
		{29AB826A-28A5-477C-92DC-1E97F7401E7D}.Release|Any CPU.Build.0 = Release|Any CPU
		{915DEA78-EFDB-4632-82FE-E2DF6648DAC0}.Debug|Any CPU.ActiveCfg = Debug|Any CPU
		{915DEA78-EFDB-4632-82FE-E2DF6648DAC0}.Debug|Any CPU.Build.0 = Debug|Any CPU
		{915DEA78-EFDB-4632-82FE-E2DF6648DAC0}.Release|Any CPU.ActiveCfg = Release|Any CPU
		{915DEA78-EFDB-4632-82FE-E2DF6648DAC0}.Release|Any CPU.Build.0 = Release|Any CPU
		{7CBB7AD8-B34D-429E-9136-AD2BC579A48C}.Debug|Any CPU.ActiveCfg = Debug|Any CPU
		{7CBB7AD8-B34D-429E-9136-AD2BC579A48C}.Debug|Any CPU.Build.0 = Debug|Any CPU
		{7CBB7AD8-B34D-429E-9136-AD2BC579A48C}.Release|Any CPU.ActiveCfg = Release|Any CPU
		{7CBB7AD8-B34D-429E-9136-AD2BC579A48C}.Release|Any CPU.Build.0 = Release|Any CPU
	EndGlobalSection
	GlobalSection(SolutionProperties) = preSolution
		HideSolutionNode = FALSE
	EndGlobalSection
EndGlobal
